
Microsoft Visual Studio Solution File, Format Version 12.00
# Visual Studio 15
VisualStudioVersion = 15.0.28307.1321
MinimumVisualStudioVersion = 10.0.40219.1
Project("{FAE04EC0-301F-11D3-BF4B-00C04F79EFBC}") = "EShop", "EShop\EShop.csproj", "{2A9C5BBF-4444-418F-8A68-0116723CF0FD}"
EndProject
Global
	GlobalSection(SolutionConfigurationPlatforms) = preSolution
		Debug|Any CPU = Debug|Any CPU
		Release|Any CPU = Release|Any CPU
	EndGlobalSection
	GlobalSection(ProjectConfigurationPlatforms) = postSolution
		{2A9C5BBF-4444-418F-8A68-0116723CF0FD}.Debug|Any CPU.ActiveCfg = Debug|Any CPU
		{2A9C5BBF-4444-418F-8A68-0116723CF0FD}.Debug|Any CPU.Build.0 = Debug|Any CPU
		{2A9C5BBF-4444-418F-8A68-0116723CF0FD}.Release|Any CPU.ActiveCfg = Release|Any CPU
		{2A9C5BBF-4444-418F-8A68-0116723CF0FD}.Release|Any CPU.Build.0 = Release|Any CPU
	EndGlobalSection
	GlobalSection(SolutionProperties) = preSolution
		HideSolutionNode = FALSE
	EndGlobalSection
	GlobalSection(ExtensibilityGlobals) = postSolution
		SolutionGuid = {557CAED1-0FA2-4485-885A-C6E5BEC4FF67}
	EndGlobalSection
EndGlobal
